
Microsoft Visual Studio Solution File, Format Version 12.00
# Visual Studio Version 17
VisualStudioVersion = 17.0.31521.260
MinimumVisualStudioVersion = 10.0.40219.1
Project("{FAE04EC0-301F-11D3-BF4B-00C04F79EFBC}") = "ChatBubbleContainer", "ChatBubbleContainer\ChatBubbleContainer.csproj", "{55023644-A95D-4317-90A2-09A4058DC893}"
EndProject
Global
	GlobalSection(SolutionConfigurationPlatforms) = preSolution
		Debug|Any CPU = Debug|Any CPU
		Release|Any CPU = Release|Any CPU
	EndGlobalSection
	GlobalSection(ProjectConfigurationPlatforms) = postSolution
		{55023644-A95D-4317-90A2-09A4058DC893}.Debug|Any CPU.ActiveCfg = Debug|Any CPU
		{55023644-A95D-4317-90A2-09A4058DC893}.Debug|Any CPU.Build.0 = Debug|Any CPU
		{55023644-A95D-4317-90A2-09A4058DC893}.Release|Any CPU.ActiveCfg = Release|Any CPU
		{55023644-A95D-4317-90A2-09A4058DC893}.Release|Any CPU.Build.0 = Release|Any CPU
	EndGlobalSection
	GlobalSection(SolutionProperties) = preSolution
		HideSolutionNode = FALSE
	EndGlobalSection
	GlobalSection(ExtensibilityGlobals) = postSolution
		SolutionGuid = {2CA03373-32E6-4AAD-808E-B9256E545530}
	EndGlobalSection
EndGlobal
